<?xml version="1.0" encoding="utf-8"?>
<Project ToolsVersion="4.0" xmlns="http://schemas.microsoft.com/developer/msbuild/2003">
  <ItemGroup>
    <ClCompile Include="dllmain.cpp" />
    <ClCompile Include="GameDLL.cpp" />
    <ClCompile Include="stdafx.cpp" />
    <ClCompile Include="..\..\MyTools\MyTools\Character.cpp">
      <Filter>MyTools</Filter>
    </ClCompile>
    <ClCompile Include="..\..\MyTools\MyTools\CLErrMsg.cpp">
      <Filter>MyTools</Filter>
    </ClCompile>
    <ClCompile Include="..\..\MyTools\MyTools\CLExpression.cpp">
      <Filter>MyTools</Filter>
    </ClCompile>
    <ClCompile Include="..\..\MyTools\MyTools\CLExpressionCalc.cpp">
      <Filter>MyTools</Filter>
    </ClCompile>
    <ClCompile Include="..\..\MyTools\MyTools\CLFile.cpp">
      <Filter>MyTools</Filter>
    </ClCompile>
    <ClCompile Include="..\..\MyTools\MyTools\CLGrammar.cpp">
      <Filter>MyTools</Filter>
    </ClCompile>
    <ClCompile Include="..\..\MyTools\MyTools\CLHook.cpp">
      <Filter>MyTools</Filter>
    </ClCompile>
    <ClCompile Include="..\..\MyTools\MyTools\CLInjector.cpp">
      <Filter>MyTools</Filter>
    </ClCompile>
    <ClCompile Include="..\..\MyTools\MyTools\CLLock.cpp">
      <Filter>MyTools</Filter>
    </ClCompile>
    <ClCompile Include="..\..\MyTools\MyTools\CLMath.cpp">
      <Filter>MyTools</Filter>
    </ClCompile>
    <ClCompile Include="..\..\MyTools\MyTools\CLPic.cpp">
      <Filter>MyTools</Filter>
    </ClCompile>
    <ClCompile Include="..\..\MyTools\MyTools\CLProcess.cpp">
      <Filter>MyTools</Filter>
    </ClCompile>
    <ClCompile Include="..\..\MyTools\MyTools\CLSearchBase.cpp">
      <Filter>MyTools</Filter>
    </ClCompile>
    <ClCompile Include="..\..\MyTools\MyTools\CLThread.cpp">
      <Filter>MyTools</Filter>
    </ClCompile>
    <ClCompile Include="..\..\MyTools\MyTools\CmdLog.cpp">
      <Filter>MyTools</Filter>
    </ClCompile>
    <ClCompile Include="..\..\MyTools\MyTools\CPublic.cpp">
      <Filter>MyTools</Filter>
    </ClCompile>
    <ClCompile Include="..\..\MyTools\MyTools\Log.cpp">
      <Filter>MyTools</Filter>
    </ClCompile>
    <ClCompile Include="..\..\MyTools\MyTools\RelfexStruct.cpp">
      <Filter>MyTools</Filter>
    </ClCompile>
    <ClCompile Include="..\..\MyTools\MyTools\Script.cpp">
      <Filter>MyTools</Filter>
    </ClCompile>
    <ClCompile Include="..\..\MyTools\MyTools\TimeTick.cpp">
      <Filter>MyTools</Filter>
    </ClCompile>
    <ClCompile Include="..\..\MyTools\MyTools\RelfexClass.cpp">
      <Filter>MyTools</Filter>
    </ClCompile>
    <ClCompile Include="ExcuteAction.cpp">
      <Filter>Game\Method\CALL</Filter>
    </ClCompile>
    <ClCompile Include="GameUi.cpp">
      <Filter>Game\Object\GameUi</Filter>
    </ClCompile>
    <ClCompile Include="BaseObject.cpp">
      <Filter>Game\Object\BaseObject</Filter>
    </ClCompile>
    <ClCompile Include="GameUiExtend.cpp">
      <Filter>Game\Object\GameUi</Filter>
    </ClCompile>
    <ClCompile Include="GameCALL.cpp">
      <Filter>Game\Method\CALL</Filter>
    </ClCompile>
    <ClCompile Include="PersonAction.cpp">
      <Filter>Game\Object\Person</Filter>
    </ClCompile>
    <ClCompile Include="PlayerMove.cpp">
      <Filter>Game\Method\Action</Filter>
    </ClCompile>
    <ClCompile Include="ResText.cpp">
      <Filter>Game\Text\Res</Filter>
    </ClCompile>
    <ClCompile Include="BagItemExtend.cpp">
      <Filter>Game\Object\BagItem</Filter>
    </ClCompile>
    <ClCompile Include="HotKey.cpp">
      <Filter>Game\Object\HotKey</Filter>
    </ClCompile>
    <ClCompile Include="HotKeyExtend.cpp">
      <Filter>Game\Object\HotKey</Filter>
    </ClCompile>
    <ClCompile Include="Skill.cpp">
      <Filter>Game\Object\Skill</Filter>
    </ClCompile>
    <ClCompile Include="SkillExtend.cpp">
      <Filter>Game\Object\Skill</Filter>
    </ClCompile>
    <ClCompile Include="GameBase.cpp">
      <Filter>Game\Common</Filter>
    </ClCompile>
    <ClCompile Include="PersonAttribute.cpp">
      <Filter>Game\Object\Person</Filter>
    </ClCompile>
    <ClCompile Include="BagItem.cpp">
      <Filter>Game\Object\BagItem</Filter>
    </ClCompile>
    <ClCompile Include="ResNpc.cpp">
      <Filter>Game\Object\Npc</Filter>
    </ClCompile>
    <ClCompile Include="ResNpcExtend.cpp">
      <Filter>Game\Object\Npc</Filter>
    </ClCompile>
    <ClCompile Include="Player.cpp">
      <Filter>Game\Object\Player</Filter>
    </ClCompile>
    <ClCompile Include="PlayerExtend.cpp">
      <Filter>Game\Object\Player</Filter>
    </ClCompile>
    <ClCompile Include="Npc.cpp">
      <Filter>Game\Object\Npc</Filter>
    </ClCompile>
    <ClCompile Include="MapMonster.cpp">
      <Filter>Game\Object\Monster</Filter>
    </ClCompile>
    <ClCompile Include="BagItemAction.cpp">
      <Filter>Game\Object\BagItem</Filter>
    </ClCompile>
    <ClCompile Include="ItemFilter.cpp">
      <Filter>Game\Method\Filter</Filter>
    </ClCompile>
    <ClCompile Include="PersonPet.cpp">
      <Filter>Game\Object\Pet</Filter>
    </ClCompile>
    <ClCompile Include="PersonPetExtend.cpp">
      <Filter>Game\Object\Pet</Filter>
    </ClCompile>
    <ClCompile Include="PersonPetAction.cpp">
      <Filter>Game\Object\Pet</Filter>
    </ClCompile>
    <ClCompile Include="Expr.cpp">
      <Filter>Expression</Filter>
    </ClCompile>
    <ClCompile Include="FarmMonster.cpp">
      <Filter>Game\Method\Farm</Filter>
    </ClCompile>
    <ClCompile Include="LogicBagItemAction.cpp">
      <Filter>Game\Method\Action</Filter>
    </ClCompile>
    <ClCompile Include="GameVariable.cpp">
      <Filter>Game\Text\Variable</Filter>
    </ClCompile>
    <ClCompile Include="FarmField.cpp">
      <Filter>Game\Script\Field</Filter>
    </ClCompile>
    <ClCompile Include="Monster.cpp">
      <Filter>Game\Object\Monster</Filter>
    </ClCompile>
    <ClCompile Include="MonsterExtend.cpp">
      <Filter>Game\Object\Monster</Filter>
    </ClCompile>
    <ClCompile Include="TestFunction.cpp">
      <Filter>Game\Test</Filter>
    </ClCompile>
    <ClCompile Include="NpcExtend.cpp">
      <Filter>Game\Object\Npc</Filter>
    </ClCompile>
    <ClCompile Include="MapSearch.cpp">
      <Filter>Game\Algorithm\Path</Filter>
    </ClCompile>
    <ClCompile Include="CollectItem.cpp">
      <Filter>Game\Script\Collect</Filter>
    </ClCompile>
    <ClCompile Include="TextVariable.cpp">
      <Filter>Game\Text\Variable</Filter>
    </ClCompile>
    <ClCompile Include="Scanbase.cpp">
      <Filter>Game\Method\ScanBase</Filter>
    </ClCompile>
    <ClCompile Include="..\..\MyTools\MyTools\LDasm.cpp">
      <Filter>MyTools</Filter>
    </ClCompile>
    <ClCompile Include="..\..\MyTools\MyTools\LdrHeader.cpp">
      <Filter>MyTools</Filter>
    </ClCompile>
    <ClCompile Include="GameClient.cpp">
      <Filter>Game\Socket</Filter>
    </ClCompile>
    <ClCompile Include="..\..\MyTools\MyTools\CLClient.cpp">
      <Filter>MyTools</Filter>
    </ClCompile>
    <ClCompile Include="..\..\MyTools\MyTools\SocketBuffer.cpp">
      <Filter>MyTools</Filter>
    </ClCompile>
    <ClCompile Include="..\..\MyTools\MyTools\SocketIoEvent.cpp">
      <Filter>MyTools</Filter>
    </ClCompile>
    <ClCompile Include="..\..\MyTools\MyTools\CLClientIoEvent.cpp">
      <Filter>MyTools</Filter>
    </ClCompile>
    <ClCompile Include="Task.cpp">
      <Filter>Game\Object\Task</Filter>
    </ClCompile>
    <ClCompile Include="TaskExtend.cpp">
      <Filter>Game\Object\Task</Filter>
    </ClCompile>
    <ClCompile Include="BangTask.cpp">
      <Filter>Game\Script\Bang</Filter>
    </ClCompile>
    <ClCompile Include="PurifyWaterTask.cpp">
      <Filter>Game\Script\PurifyWater</Filter>
    </ClCompile>
    <ClCompile Include="HotFireTask.cpp">
      <Filter>Game\Script\HotFire</Filter>
    </ClCompile>
    <ClCompile Include="GameConfig.cpp">
      <Filter>Game\Text\Config</Filter>
    </ClCompile>
    <ClCompile Include="ScriptServices.cpp">
      <Filter>Game\Script</Filter>
    </ClCompile>
    <ClCompile Include="Examination.cpp">
      <Filter>Game\Script\Exam</Filter>
    </ClCompile>
    <ClCompile Include="..\..\MyTools\MyTools\CLAsync.cpp">
      <Filter>MyTools</Filter>
    </ClCompile>
  </ItemGroup>
  <ItemGroup>
    <ClInclude Include="stdafx.h" />
    <ClInclude Include="targetver.h" />
    <ClInclude Include="..\..\MyTools\MyTools\ByteBuffer.h">
      <Filter>MyTools</Filter>
    </ClInclude>
    <ClInclude Include="..\..\MyTools\MyTools\Character.h">
      <Filter>MyTools</Filter>
    </ClInclude>
    <ClInclude Include="..\..\MyTools\MyTools\ClassInstance.h">
      <Filter>MyTools</Filter>
    </ClInclude>
    <ClInclude Include="..\..\MyTools\MyTools\CLErrMsg.h">
      <Filter>MyTools</Filter>
    </ClInclude>
    <ClInclude Include="..\..\MyTools\MyTools\CLExpression.h">
      <Filter>MyTools</Filter>
    </ClInclude>
    <ClInclude Include="..\..\MyTools\MyTools\CLExpressionCalc.h">
      <Filter>MyTools</Filter>
    </ClInclude>
    <ClInclude Include="..\..\MyTools\MyTools\CLFile.h">
      <Filter>MyTools</Filter>
    </ClInclude>
    <ClInclude Include="..\..\MyTools\MyTools\CLGrammar.h">
      <Filter>MyTools</Filter>
    </ClInclude>
    <ClInclude Include="..\..\MyTools\MyTools\CLHook.h">
      <Filter>MyTools</Filter>
    </ClInclude>
    <ClInclude Include="..\..\MyTools\MyTools\CLInjector.h">
      <Filter>MyTools</Filter>
    </ClInclude>
    <ClInclude Include="..\..\MyTools\MyTools\CLLock.h">
      <Filter>MyTools</Filter>
    </ClInclude>
    <ClInclude Include="..\..\MyTools\MyTools\CLMath.h">
      <Filter>MyTools</Filter>
    </ClInclude>
    <ClInclude Include="..\..\MyTools\MyTools\CLPic.h">
      <Filter>MyTools</Filter>
    </ClInclude>
    <ClInclude Include="..\..\MyTools\MyTools\CLProcess.h">
      <Filter>MyTools</Filter>
    </ClInclude>
    <ClInclude Include="..\..\MyTools\MyTools\CLPublic.h">
      <Filter>MyTools</Filter>
    </ClInclude>
    <ClInclude Include="..\..\MyTools\MyTools\CLResManager.h">
      <Filter>MyTools</Filter>
    </ClInclude>
    <ClInclude Include="..\..\MyTools\MyTools\CLSearchBase.h">
      <Filter>MyTools</Filter>
    </ClInclude>
    <ClInclude Include="..\..\MyTools\MyTools\CLThread.h">
      <Filter>MyTools</Filter>
    </ClInclude>
    <ClInclude Include="..\..\MyTools\MyTools\CLVector.h">
      <Filter>MyTools</Filter>
    </ClInclude>
    <ClInclude Include="..\..\MyTools\MyTools\CmdLog.h">
      <Filter>MyTools</Filter>
    </ClInclude>
    <ClInclude Include="..\..\MyTools\MyTools\Log.h">
      <Filter>MyTools</Filter>
    </ClInclude>
    <ClInclude Include="..\..\MyTools\MyTools\RelfexStruct.h">
      <Filter>MyTools</Filter>
    </ClInclude>
    <ClInclude Include="..\..\MyTools\MyTools\Script.h">
      <Filter>MyTools</Filter>
    </ClInclude>
    <ClInclude Include="..\..\MyTools\MyTools\TimeTick.h">
      <Filter>MyTools</Filter>
    </ClInclude>
    <ClInclude Include="..\..\MyTools\MyTools\ToolsPublic.h">
      <Filter>MyTools</Filter>
    </ClInclude>
    <ClInclude Include="..\..\MyTools\MyTools\RelfexClass.h">
      <Filter>MyTools</Filter>
    </ClInclude>
    <ClInclude Include="ExcuteAction.h">
      <Filter>Game\Method\CALL</Filter>
    </ClInclude>
    <ClInclude Include="GameUi.h">
      <Filter>Game\Object\GameUi</Filter>
    </ClInclude>
    <ClInclude Include="BaseObject.h">
      <Filter>Game\Object\BaseObject</Filter>
    </ClInclude>
    <ClInclude Include="GameUiExtend.h">
      <Filter>Game\Object\GameUi</Filter>
    </ClInclude>
    <ClInclude Include="GameCALL.h">
      <Filter>Game\Method\CALL</Filter>
    </ClInclude>
    <ClInclude Include="PersonAction.h">
      <Filter>Game\Object\Person</Filter>
    </ClInclude>
    <ClInclude Include="PlayerMove.h">
      <Filter>Game\Method\Action</Filter>
    </ClInclude>
    <ClInclude Include="ResText.h">
      <Filter>Game\Text\Res</Filter>
    </ClInclude>
    <ClInclude Include="BagItemExtend.h">
      <Filter>Game\Object\BagItem</Filter>
    </ClInclude>
    <ClInclude Include="HotKey.h">
      <Filter>Game\Object\HotKey</Filter>
    </ClInclude>
    <ClInclude Include="HotKeyExtend.h">
      <Filter>Game\Object\HotKey</Filter>
    </ClInclude>
    <ClInclude Include="Skill.h">
      <Filter>Game\Object\Skill</Filter>
    </ClInclude>
    <ClInclude Include="SkillExtend.h">
      <Filter>Game\Object\Skill</Filter>
    </ClInclude>
    <ClInclude Include="GameBase.h">
      <Filter>Game\Common</Filter>
    </ClInclude>
    <ClInclude Include="PersonAttribute.h">
      <Filter>Game\Object\Person</Filter>
    </ClInclude>
    <ClInclude Include="BagItem.h">
      <Filter>Game\Object\BagItem</Filter>
    </ClInclude>
    <ClInclude Include="ResNpc.h">
      <Filter>Game\Object\Npc</Filter>
    </ClInclude>
    <ClInclude Include="ResNpcExtend.h">
      <Filter>Game\Object\Npc</Filter>
    </ClInclude>
    <ClInclude Include="Player.h">
      <Filter>Game\Object\Player</Filter>
    </ClInclude>
    <ClInclude Include="PlayerExtend.h">
      <Filter>Game\Object\Player</Filter>
    </ClInclude>
    <ClInclude Include="Npc.h">
      <Filter>Game\Object\Npc</Filter>
    </ClInclude>
    <ClInclude Include="MapMonster.h">
      <Filter>Game\Object\Monster</Filter>
    </ClInclude>
    <ClInclude Include="BagItemAction.h">
      <Filter>Game\Object\BagItem</Filter>
    </ClInclude>
    <ClInclude Include="ItemFilter.h">
      <Filter>Game\Method\Filter</Filter>
    </ClInclude>
    <ClInclude Include="PersonPet.h">
      <Filter>Game\Object\Pet</Filter>
    </ClInclude>
    <ClInclude Include="PersonPetExtend.h">
      <Filter>Game\Object\Pet</Filter>
    </ClInclude>
    <ClInclude Include="PersonPetAction.h">
      <Filter>Game\Object\Pet</Filter>
    </ClInclude>
    <ClInclude Include="Expr.h">
      <Filter>Expression</Filter>
    </ClInclude>
    <ClInclude Include="FarmMonster.h">
      <Filter>Game\Method\Farm</Filter>
    </ClInclude>
    <ClInclude Include="LogicBagItemAction.h">
      <Filter>Game\Method\Action</Filter>
    </ClInclude>
    <ClInclude Include="GameVariable.h">
      <Filter>Game\Text\Variable</Filter>
    </ClInclude>
    <ClInclude Include="FarmField.h">
      <Filter>Game\Script\Field</Filter>
    </ClInclude>
    <ClInclude Include="Monster.h">
      <Filter>Game\Object\Monster</Filter>
    </ClInclude>
    <ClInclude Include="MonsterExtend.h">
      <Filter>Game\Object\Monster</Filter>
    </ClInclude>
    <ClInclude Include="TestFunction.h">
      <Filter>Game\Test</Filter>
    </ClInclude>
    <ClInclude Include="NpcExtend.h">
      <Filter>Game\Object\Npc</Filter>
    </ClInclude>
    <ClInclude Include="MapSearch.h">
      <Filter>Game\Algorithm\Path</Filter>
    </ClInclude>
    <ClInclude Include="CollectItem.h">
      <Filter>Game\Script\Collect</Filter>
    </ClInclude>
    <ClInclude Include="TextVariable.h">
      <Filter>Game\Text\Variable</Filter>
    </ClInclude>
    <ClInclude Include="Scanbase.h">
      <Filter>Game\Method\ScanBase</Filter>
    </ClInclude>
    <ClInclude Include="..\..\MyTools\MyTools\LDasm.h">
      <Filter>MyTools</Filter>
    </ClInclude>
    <ClInclude Include="..\..\MyTools\MyTools\LdrHeader.h">
      <Filter>MyTools</Filter>
    </ClInclude>
    <ClInclude Include="GameClient.h">
      <Filter>Game\Socket</Filter>
    </ClInclude>
    <ClInclude Include="..\..\MyTools\MyTools\CLClient.h">
      <Filter>MyTools</Filter>
    </ClInclude>
    <ClInclude Include="..\..\MyTools\MyTools\SocketBuffer.h">
      <Filter>MyTools</Filter>
    </ClInclude>
    <ClInclude Include="..\..\MyTools\MyTools\SocketIoEvent.h">
      <Filter>MyTools</Filter>
    </ClInclude>
    <ClInclude Include="..\..\MyTools\MyTools\CLClientIoEvent.h">
      <Filter>MyTools</Filter>
    </ClInclude>
    <ClInclude Include="Task.h">
      <Filter>Game\Object\Task</Filter>
    </ClInclude>
    <ClInclude Include="TaskExtend.h">
      <Filter>Game\Object\Task</Filter>
    </ClInclude>
    <ClInclude Include="BangTask.h">
      <Filter>Game\Script\Bang</Filter>
    </ClInclude>
    <ClInclude Include="PurifyWaterTask.h">
      <Filter>Game\Script\PurifyWater</Filter>
    </ClInclude>
    <ClInclude Include="HotFireTask.h">
      <Filter>Game\Script\HotFire</Filter>
    </ClInclude>
    <ClInclude Include="GameConfig.h">
      <Filter>Game\Text\Config</Filter>
    </ClInclude>
    <ClInclude Include="ScriptServices.h">
      <Filter>Game\Script</Filter>
    </ClInclude>
    <ClInclude Include="Examination.h">
      <Filter>Game\Script\Exam</Filter>
    </ClInclude>
    <ClInclude Include="..\..\MyTools\MyTools\CLAsync.h">
      <Filter>MyTools</Filter>
    </ClInclude>
  </ItemGroup>
  <ItemGroup>
    <Text Include="ReadMe.txt" />
  </ItemGroup>
  <ItemGroup>
    <Filter Include="MyTools">
      <UniqueIdentifier>{688acaf1-24b6-4b89-b96c-66b760f21714}</UniqueIdentifier>
    </Filter>
    <Filter Include="Game">
      <UniqueIdentifier>{ad4176f5-4e69-4771-861c-fc7a35d6ab46}</UniqueIdentifier>
    </Filter>
    <Filter Include="Game\Text">
      <UniqueIdentifier>{b843b57a-ef95-406b-bd6e-f668099d4c39}</UniqueIdentifier>
    </Filter>
    <Filter Include="Game\Text\Variable">
      <UniqueIdentifier>{8f4791a9-2d17-42a6-b1ec-ada25f491729}</UniqueIdentifier>
    </Filter>
    <Filter Include="Game\Text\Config">
      <UniqueIdentifier>{48875972-3fa9-4345-90d0-8edccb4f2079}</UniqueIdentifier>
    </Filter>
    <Filter Include="Game\Socket">
      <UniqueIdentifier>{98998a53-f1ec-432f-9c2e-f058a4364be6}</UniqueIdentifier>
    </Filter>
    <Filter Include="Game\Object">
      <UniqueIdentifier>{03caa041-4bda-4de9-80f0-c72fa57336d7}</UniqueIdentifier>
    </Filter>
    <Filter Include="Game\Script">
      <UniqueIdentifier>{1081b0ae-c495-4c01-b785-5a14a0e20638}</UniqueIdentifier>
    </Filter>
    <Filter Include="Game\Test">
      <UniqueIdentifier>{14a46b09-6b3e-4a8a-83fb-2f35eb43db4a}</UniqueIdentifier>
    </Filter>
    <Filter Include="Game\Method">
      <UniqueIdentifier>{0c5ee230-658f-4518-9794-48014ed49da5}</UniqueIdentifier>
    </Filter>
    <Filter Include="Game\Method\CALL">
      <UniqueIdentifier>{e73f2ed5-47b6-4629-abfd-e91b530795b4}</UniqueIdentifier>
    </Filter>
    <Filter Include="Game\Method\ScanBase">
      <UniqueIdentifier>{13877d51-c42e-4270-9e29-a6ad6d51ef62}</UniqueIdentifier>
    </Filter>
    <Filter Include="Game\Method\Deal">
      <UniqueIdentifier>{2cdd1be1-3f8e-4931-9f9a-c958c47a1924}</UniqueIdentifier>
    </Filter>
    <Filter Include="Game\Method\Deal\Mail">
      <UniqueIdentifier>{41445d46-cc84-4338-862b-2377c08dbb4a}</UniqueIdentifier>
    </Filter>
    <Filter Include="Game\Method\Farm">
      <UniqueIdentifier>{4bd8feda-c66d-45a9-9d0c-daa4c908a33e}</UniqueIdentifier>
    </Filter>
    <Filter Include="Game\Common">
      <UniqueIdentifier>{d16769c9-f0b2-4c64-9e57-addcd55758ae}</UniqueIdentifier>
    </Filter>
    <Filter Include="Game\Object\GameUi">
      <UniqueIdentifier>{e4021f47-4b95-4b15-ada7-3254a08be128}</UniqueIdentifier>
    </Filter>
    <Filter Include="Game\Object\BaseObject">
      <UniqueIdentifier>{2b83f913-cd67-474d-8f0d-07fce6e37dbb}</UniqueIdentifier>
    </Filter>
    <Filter Include="Game\Object\Player">
      <UniqueIdentifier>{a89b3614-ae2b-4160-b024-361f9f0ade11}</UniqueIdentifier>
    </Filter>
    <Filter Include="Game\Object\Person">
      <UniqueIdentifier>{5b449f4d-3507-499e-96d7-db71616e2093}</UniqueIdentifier>
    </Filter>
    <Filter Include="Game\Method\Action">
      <UniqueIdentifier>{acbf8b78-dcc7-4708-8a26-82f0944ed7d9}</UniqueIdentifier>
    </Filter>
    <Filter Include="Game\Text\Res">
      <UniqueIdentifier>{27f3cb87-0e32-4ddc-8f60-5e5ba9449821}</UniqueIdentifier>
    </Filter>
    <Filter Include="Game\Object\Npc">
      <UniqueIdentifier>{644af5b4-b203-48b4-8298-e7e130610770}</UniqueIdentifier>
    </Filter>
    <Filter Include="Game\Object\BagItem">
      <UniqueIdentifier>{9817a899-fbd4-427b-9271-2abd889d8fc3}</UniqueIdentifier>
    </Filter>
    <Filter Include="Game\Object\HotKey">
      <UniqueIdentifier>{a7f9000d-244a-4df4-8362-6b152bb08c42}</UniqueIdentifier>
    </Filter>
    <Filter Include="Game\Object\Skill">
      <UniqueIdentifier>{bcbbe7f6-66b0-4d32-ab65-8e83d1469f41}</UniqueIdentifier>
    </Filter>
    <Filter Include="Game\Object\Monster">
      <UniqueIdentifier>{18c5578c-f091-41ba-8e2b-c92103e399e0}</UniqueIdentifier>
    </Filter>
    <Filter Include="Game\Method\Filter">
      <UniqueIdentifier>{58131171-b602-4545-bf10-b6f7319ac058}</UniqueIdentifier>
    </Filter>
    <Filter Include="Game\Object\Pet">
      <UniqueIdentifier>{bf1d7a10-4d90-43fa-80ed-4d307a687a5a}</UniqueIdentifier>
    </Filter>
    <Filter Include="Expression">
      <UniqueIdentifier>{bfad8c82-7a7f-4809-860c-154070de8ace}</UniqueIdentifier>
    </Filter>
    <Filter Include="Game\Script\Field">
      <UniqueIdentifier>{cd1d2f16-4d0c-4599-a609-50f9de63702f}</UniqueIdentifier>
    </Filter>
    <Filter Include="Game\Algorithm">
      <UniqueIdentifier>{8332ce72-ac99-4d32-80f2-fa6e9709175c}</UniqueIdentifier>
    </Filter>
    <Filter Include="Game\Algorithm\Path">
      <UniqueIdentifier>{37a1ac56-acf1-44f2-b6c9-68334f44c9c2}</UniqueIdentifier>
    </Filter>
    <Filter Include="Game\Script\Collect">
      <UniqueIdentifier>{42721005-920f-42bd-89ac-346b4e3d19c9}</UniqueIdentifier>
    </Filter>
    <Filter Include="Game\Object\Task">
      <UniqueIdentifier>{835d1471-9e82-4c13-aad4-cf65cf00d888}</UniqueIdentifier>
    </Filter>
    <Filter Include="Game\Script\Bang">
      <UniqueIdentifier>{427414a8-6d88-496d-99a0-3965af7ef208}</UniqueIdentifier>
    </Filter>
    <Filter Include="Game\Script\PurifyWater">
      <UniqueIdentifier>{4651a962-da5e-4950-835f-a4c7ac23f3cf}</UniqueIdentifier>
    </Filter>
    <Filter Include="Game\Script\HotFire">
      <UniqueIdentifier>{3a15d3e5-1d0b-4e82-bbe5-337e807a40c0}</UniqueIdentifier>
    </Filter>
    <Filter Include="Dialog">
      <UniqueIdentifier>{470ffcf9-d34f-4271-80e5-de5af3936412}</UniqueIdentifier>
    </Filter>
    <Filter Include="Game\Script\Common">
      <UniqueIdentifier>{18ca7cbc-2716-498f-928d-e6d898b68fca}</UniqueIdentifier>
    </Filter>
    <Filter Include="Game\Script\Exam">
      <UniqueIdentifier>{36a09168-6d65-46dd-85eb-9a476766f81e}</UniqueIdentifier>
    </Filter>
  </ItemGroup>
</Project>