
Microsoft Visual Studio Solution File, Format Version 12.00
# Visual Studio 15
VisualStudioVersion = 15.0.26403.7
MinimumVisualStudioVersion = 10.0.40219.1
Project("{8BC9CEB8-8B4A-11D0-8D11-00A0C91BC942}") = "TestInjector", "TestInjector\TestInjector.vcxproj", "{ED0BBD73-CD89-4C3B-A49C-2D6882D57BD4}"
EndProject
Project("{8BC9CEB8-8B4A-11D0-8D11-00A0C91BC942}") = "InjectorDLL", "InjectorDLL\InjectorDLL.vcxproj", "{AB842D68-A33F-4384-8CB6-19478885A0D0}"
EndProject
Project("{8BC9CEB8-8B4A-11D0-8D11-00A0C91BC942}") = "GameDLL", "GameDLL\GameDLL.vcxproj", "{5CAE19E1-48B7-451D-A920-73BB3E342E10}"
EndProject
Project("{2150E333-8FDC-42A3-9474-1A3956D46DE8}") = "Main", "Main", "{5EFBD1A1-9F8C-47A0-8F91-A795D5B44164}"
EndProject
Project("{2150E333-8FDC-42A3-9474-1A3956D46DE8}") = "Test", "Test", "{6CFFC73A-7AEC-4B1E-AAF1-9779467A586B}"
EndProject
Project("{FAE04EC0-301F-11D3-BF4B-00C04F79EFBC}") = "TestWinForm", "TestWinForm\TestWinForm.csproj", "{49658168-D69B-4BF8-84D4-9BA2C0618A61}"
EndProject
Project("{8BC9CEB8-8B4A-11D0-8D11-00A0C91BC942}") = "UserConsole", "UserConsole\UserConsole.vcxproj", "{04AC8654-0346-4BD7-94BA-DE2EFD83B7EB}"
EndProject
Project("{8BC9CEB8-8B4A-11D0-8D11-00A0C91BC942}") = "GameServer", "GameServer\GameServer.vcxproj", "{C1D68473-AEE0-4CCC-A2FC-FA3E88F2AFD7}"
EndProject
Global
	GlobalSection(SolutionConfigurationPlatforms) = preSolution
		Debug|Any CPU = Debug|Any CPU
		Debug|Win32 = Debug|Win32
		Debug|x64 = Debug|x64
		Release|Any CPU = Release|Any CPU
		Release|Win32 = Release|Win32
		Release|x64 = Release|x64
	EndGlobalSection
	GlobalSection(ProjectConfigurationPlatforms) = postSolution
		{ED0BBD73-CD89-4C3B-A49C-2D6882D57BD4}.Debug|Any CPU.ActiveCfg = Debug|Win32
		{ED0BBD73-CD89-4C3B-A49C-2D6882D57BD4}.Debug|Win32.ActiveCfg = Debug|Win32
		{ED0BBD73-CD89-4C3B-A49C-2D6882D57BD4}.Debug|Win32.Build.0 = Debug|Win32
		{ED0BBD73-CD89-4C3B-A49C-2D6882D57BD4}.Debug|x64.ActiveCfg = Debug|Win32
		{ED0BBD73-CD89-4C3B-A49C-2D6882D57BD4}.Release|Any CPU.ActiveCfg = Release|Win32
		{ED0BBD73-CD89-4C3B-A49C-2D6882D57BD4}.Release|Win32.ActiveCfg = Release|Win32
		{ED0BBD73-CD89-4C3B-A49C-2D6882D57BD4}.Release|Win32.Build.0 = Release|Win32
		{ED0BBD73-CD89-4C3B-A49C-2D6882D57BD4}.Release|x64.ActiveCfg = Release|Win32
		{AB842D68-A33F-4384-8CB6-19478885A0D0}.Debug|Any CPU.ActiveCfg = Debug|Win32
		{AB842D68-A33F-4384-8CB6-19478885A0D0}.Debug|Win32.ActiveCfg = Debug|Win32
		{AB842D68-A33F-4384-8CB6-19478885A0D0}.Debug|Win32.Build.0 = Debug|Win32
		{AB842D68-A33F-4384-8CB6-19478885A0D0}.Debug|x64.ActiveCfg = Debug|Win32
		{AB842D68-A33F-4384-8CB6-19478885A0D0}.Release|Any CPU.ActiveCfg = Release|Win32
		{AB842D68-A33F-4384-8CB6-19478885A0D0}.Release|Win32.ActiveCfg = Release|Win32
		{AB842D68-A33F-4384-8CB6-19478885A0D0}.Release|Win32.Build.0 = Release|Win32
		{AB842D68-A33F-4384-8CB6-19478885A0D0}.Release|x64.ActiveCfg = Release|Win32
		{5CAE19E1-48B7-451D-A920-73BB3E342E10}.Debug|Any CPU.ActiveCfg = Debug|Win32
		{5CAE19E1-48B7-451D-A920-73BB3E342E10}.Debug|Win32.ActiveCfg = Debug|Win32
		{5CAE19E1-48B7-451D-A920-73BB3E342E10}.Debug|Win32.Build.0 = Debug|Win32
		{5CAE19E1-48B7-451D-A920-73BB3E342E10}.Debug|x64.ActiveCfg = Debug|Win32
		{5CAE19E1-48B7-451D-A920-73BB3E342E10}.Release|Any CPU.ActiveCfg = Release|Win32
		{5CAE19E1-48B7-451D-A920-73BB3E342E10}.Release|Win32.ActiveCfg = Release|Win32
		{5CAE19E1-48B7-451D-A920-73BB3E342E10}.Release|Win32.Build.0 = Release|Win32
		{5CAE19E1-48B7-451D-A920-73BB3E342E10}.Release|x64.ActiveCfg = Release|Win32
		{49658168-D69B-4BF8-84D4-9BA2C0618A61}.Debug|Any CPU.ActiveCfg = Debug|Any CPU
		{49658168-D69B-4BF8-84D4-9BA2C0618A61}.Debug|Any CPU.Build.0 = Debug|Any CPU
		{49658168-D69B-4BF8-84D4-9BA2C0618A61}.Debug|Win32.ActiveCfg = Debug|Any CPU
		{49658168-D69B-4BF8-84D4-9BA2C0618A61}.Debug|Win32.Build.0 = Debug|Any CPU
		{49658168-D69B-4BF8-84D4-9BA2C0618A61}.Debug|x64.ActiveCfg = Debug|Any CPU
		{49658168-D69B-4BF8-84D4-9BA2C0618A61}.Debug|x64.Build.0 = Debug|Any CPU
		{49658168-D69B-4BF8-84D4-9BA2C0618A61}.Release|Any CPU.ActiveCfg = Release|Any CPU
		{49658168-D69B-4BF8-84D4-9BA2C0618A61}.Release|Any CPU.Build.0 = Release|Any CPU
		{49658168-D69B-4BF8-84D4-9BA2C0618A61}.Release|Win32.ActiveCfg = Release|Any CPU
		{49658168-D69B-4BF8-84D4-9BA2C0618A61}.Release|Win32.Build.0 = Release|Any CPU
		{49658168-D69B-4BF8-84D4-9BA2C0618A61}.Release|x64.ActiveCfg = Release|Any CPU
		{49658168-D69B-4BF8-84D4-9BA2C0618A61}.Release|x64.Build.0 = Release|Any CPU
		{04AC8654-0346-4BD7-94BA-DE2EFD83B7EB}.Debug|Any CPU.ActiveCfg = Debug|Win32
		{04AC8654-0346-4BD7-94BA-DE2EFD83B7EB}.Debug|Win32.ActiveCfg = Debug|Win32
		{04AC8654-0346-4BD7-94BA-DE2EFD83B7EB}.Debug|Win32.Build.0 = Debug|Win32
		{04AC8654-0346-4BD7-94BA-DE2EFD83B7EB}.Debug|x64.ActiveCfg = Debug|x64
		{04AC8654-0346-4BD7-94BA-DE2EFD83B7EB}.Debug|x64.Build.0 = Debug|x64
		{04AC8654-0346-4BD7-94BA-DE2EFD83B7EB}.Release|Any CPU.ActiveCfg = Release|Win32
		{04AC8654-0346-4BD7-94BA-DE2EFD83B7EB}.Release|Win32.ActiveCfg = Release|Win32
		{04AC8654-0346-4BD7-94BA-DE2EFD83B7EB}.Release|Win32.Build.0 = Release|Win32
		{04AC8654-0346-4BD7-94BA-DE2EFD83B7EB}.Release|x64.ActiveCfg = Release|x64
		{04AC8654-0346-4BD7-94BA-DE2EFD83B7EB}.Release|x64.Build.0 = Release|x64
		{C1D68473-AEE0-4CCC-A2FC-FA3E88F2AFD7}.Debug|Any CPU.ActiveCfg = Debug|Win32
		{C1D68473-AEE0-4CCC-A2FC-FA3E88F2AFD7}.Debug|Win32.ActiveCfg = Debug|Win32
		{C1D68473-AEE0-4CCC-A2FC-FA3E88F2AFD7}.Debug|Win32.Build.0 = Debug|Win32
		{C1D68473-AEE0-4CCC-A2FC-FA3E88F2AFD7}.Debug|x64.ActiveCfg = Debug|x64
		{C1D68473-AEE0-4CCC-A2FC-FA3E88F2AFD7}.Debug|x64.Build.0 = Debug|x64
		{C1D68473-AEE0-4CCC-A2FC-FA3E88F2AFD7}.Release|Any CPU.ActiveCfg = Release|Win32
		{C1D68473-AEE0-4CCC-A2FC-FA3E88F2AFD7}.Release|Win32.ActiveCfg = Release|Win32
		{C1D68473-AEE0-4CCC-A2FC-FA3E88F2AFD7}.Release|Win32.Build.0 = Release|Win32
		{C1D68473-AEE0-4CCC-A2FC-FA3E88F2AFD7}.Release|x64.ActiveCfg = Release|x64
		{C1D68473-AEE0-4CCC-A2FC-FA3E88F2AFD7}.Release|x64.Build.0 = Release|x64
	EndGlobalSection
	GlobalSection(SolutionProperties) = preSolution
		HideSolutionNode = FALSE
	EndGlobalSection
	GlobalSection(NestedProjects) = preSolution
		{ED0BBD73-CD89-4C3B-A49C-2D6882D57BD4} = {6CFFC73A-7AEC-4B1E-AAF1-9779467A586B}
		{AB842D68-A33F-4384-8CB6-19478885A0D0} = {5EFBD1A1-9F8C-47A0-8F91-A795D5B44164}
		{5CAE19E1-48B7-451D-A920-73BB3E342E10} = {5EFBD1A1-9F8C-47A0-8F91-A795D5B44164}
		{49658168-D69B-4BF8-84D4-9BA2C0618A61} = {6CFFC73A-7AEC-4B1E-AAF1-9779467A586B}
		{04AC8654-0346-4BD7-94BA-DE2EFD83B7EB} = {5EFBD1A1-9F8C-47A0-8F91-A795D5B44164}
		{C1D68473-AEE0-4CCC-A2FC-FA3E88F2AFD7} = {5EFBD1A1-9F8C-47A0-8F91-A795D5B44164}
	EndGlobalSection
EndGlobal
